
Microsoft Visual Studio Solution File, Format Version 12.00
# Visual Studio Version 17
VisualStudioVersion = 17.14.36511.14
MinimumVisualStudioVersion = 10.0.40219.1
Project("{FAE04EC0-301F-11D3-BF4B-00C04F79EFBC}") = "CofyDevTest.UI", "CofyDevTest\CofyDevTest.UI.csproj", "{327498FB-3607-4B15-96D2-04730DDFCA2B}"
EndProject
Project("{FAE04EC0-301F-11D3-BF4B-00C04F79EFBC}") = "TestTheTest", "TestTheTest\TestTheTest.csproj", "{37954353-51AC-4372-B176-12971BEE3374}"
EndProject
Project("{FAE04EC0-301F-11D3-BF4B-00C04F79EFBC}") = "CofyDevTest.Core", "CofyDevTest.Core\CofyDevTest.Core.csproj", "{07542377-58B0-4DD8-966D-DE9DC457D60C}"
EndProject
Project("{FAE04EC0-301F-11D3-BF4B-00C04F79EFBC}") = "CofyDevTest.API", "CofyDevTest.API\CofyDevTest.API.csproj", "{2F256C63-20A8-488D-8217-24C60627AEE4}"
EndProject
Global
	GlobalSection(SolutionConfigurationPlatforms) = preSolution
		Debug|Any CPU = Debug|Any CPU
		Release|Any CPU = Release|Any CPU
	EndGlobalSection
	GlobalSection(ProjectConfigurationPlatforms) = postSolution
		{327498FB-3607-4B15-96D2-04730DDFCA2B}.Debug|Any CPU.ActiveCfg = Debug|Any CPU
		{327498FB-3607-4B15-96D2-04730DDFCA2B}.Debug|Any CPU.Build.0 = Debug|Any CPU
		{327498FB-3607-4B15-96D2-04730DDFCA2B}.Release|Any CPU.ActiveCfg = Release|Any CPU
		{327498FB-3607-4B15-96D2-04730DDFCA2B}.Release|Any CPU.Build.0 = Release|Any CPU
		{37954353-51AC-4372-B176-12971BEE3374}.Debug|Any CPU.ActiveCfg = Debug|Any CPU
		{37954353-51AC-4372-B176-12971BEE3374}.Debug|Any CPU.Build.0 = Debug|Any CPU
		{37954353-51AC-4372-B176-12971BEE3374}.Release|Any CPU.ActiveCfg = Release|Any CPU
		{37954353-51AC-4372-B176-12971BEE3374}.Release|Any CPU.Build.0 = Release|Any CPU
		{07542377-58B0-4DD8-966D-DE9DC457D60C}.Debug|Any CPU.ActiveCfg = Debug|Any CPU
		{07542377-58B0-4DD8-966D-DE9DC457D60C}.Debug|Any CPU.Build.0 = Debug|Any CPU
		{07542377-58B0-4DD8-966D-DE9DC457D60C}.Release|Any CPU.ActiveCfg = Release|Any CPU
		{07542377-58B0-4DD8-966D-DE9DC457D60C}.Release|Any CPU.Build.0 = Release|Any CPU
		{2F256C63-20A8-488D-8217-24C60627AEE4}.Debug|Any CPU.ActiveCfg = Debug|Any CPU
		{2F256C63-20A8-488D-8217-24C60627AEE4}.Debug|Any CPU.Build.0 = Debug|Any CPU
		{2F256C63-20A8-488D-8217-24C60627AEE4}.Release|Any CPU.ActiveCfg = Release|Any CPU
		{2F256C63-20A8-488D-8217-24C60627AEE4}.Release|Any CPU.Build.0 = Release|Any CPU
	EndGlobalSection
	GlobalSection(SolutionProperties) = preSolution
		HideSolutionNode = FALSE
	EndGlobalSection
	GlobalSection(ExtensibilityGlobals) = postSolution
		SolutionGuid = {872968A9-2DB1-440D-9E22-910319571D3C}
	EndGlobalSection
EndGlobal
